
Microsoft Visual Studio Solution File, Format Version 12.00
# Visual Studio 15
VisualStudioVersion = 15.0.27004.2005
MinimumVisualStudioVersion = 10.0.40219.1
Project("{2150E333-8FDC-42A3-9474-1A3956D46DE8}") = "Solution Items", "Solution Items", "{1EF71D52-E385-4068-87F5-9AFAF6402913}"
	ProjectSection(SolutionItems) = preProject
		Asfiya.css = Asfiya.css
		Asfiya.js = Asfiya.js
		css\creative.min.css = css\creative.min.css
		js\creative.min.js = js\creative.min.js
		index.html = index.html
	EndProjectSection
EndProject
Global
	GlobalSection(SolutionProperties) = preSolution
		HideSolutionNode = FALSE
	EndGlobalSection
	GlobalSection(ExtensibilityGlobals) = postSolution
		SolutionGuid = {8FF8E546-22C2-4F86-8EB7-6D934DCD44FB}
	EndGlobalSection
EndGlobal
